
Microsoft Visual Studio Solution File, Format Version 12.00
# Visual Studio Version 17
VisualStudioVersion = 17.4.33103.184
MinimumVisualStudioVersion = 10.0.40219.1
Project("{FAE04EC0-301F-11D3-BF4B-00C04F79EFBC}") = "BuilderDesignPatternDemo", "BuilderDesignPatternDemo.csproj", "{C1FFD1F6-C6EB-461F-AFA3-45C10EA88BAA}"
EndProject
Global
	GlobalSection(SolutionConfigurationPlatforms) = preSolution
		Debug|Any CPU = Debug|Any CPU
		Release|Any CPU = Release|Any CPU
	EndGlobalSection
	GlobalSection(ProjectConfigurationPlatforms) = postSolution
		{C1FFD1F6-C6EB-461F-AFA3-45C10EA88BAA}.Debug|Any CPU.ActiveCfg = Debug|Any CPU
		{C1FFD1F6-C6EB-461F-AFA3-45C10EA88BAA}.Debug|Any CPU.Build.0 = Debug|Any CPU
		{C1FFD1F6-C6EB-461F-AFA3-45C10EA88BAA}.Release|Any CPU.ActiveCfg = Release|Any CPU
		{C1FFD1F6-C6EB-461F-AFA3-45C10EA88BAA}.Release|Any CPU.Build.0 = Release|Any CPU
	EndGlobalSection
	GlobalSection(SolutionProperties) = preSolution
		HideSolutionNode = FALSE
	EndGlobalSection
	GlobalSection(ExtensibilityGlobals) = postSolution
		SolutionGuid = {2B8D87D6-9D71-4CEE-9A14-73D565572860}
	EndGlobalSection
EndGlobal
